
Microsoft Visual Studio Solution File, Format Version 12.00
# Visual Studio Version 16
VisualStudioVersion = 16.0.30621.155
MinimumVisualStudioVersion = 10.0.40219.1
Project("{F184B08F-C81C-45F6-A57F-5ABD9991F28F}") = "opo", "opo.vbproj", "{C8D14FB6-9E79-4622-ACD5-BB5AB5FAE07C}"
EndProject
Global
	GlobalSection(SolutionConfigurationPlatforms) = preSolution
		Debug|Any CPU = Debug|Any CPU
		Release|Any CPU = Release|Any CPU
	EndGlobalSection
	GlobalSection(ProjectConfigurationPlatforms) = postSolution
		{C8D14FB6-9E79-4622-ACD5-BB5AB5FAE07C}.Debug|Any CPU.ActiveCfg = Debug|Any CPU
		{C8D14FB6-9E79-4622-ACD5-BB5AB5FAE07C}.Debug|Any CPU.Build.0 = Debug|Any CPU
		{C8D14FB6-9E79-4622-ACD5-BB5AB5FAE07C}.Release|Any CPU.ActiveCfg = Release|Any CPU
		{C8D14FB6-9E79-4622-ACD5-BB5AB5FAE07C}.Release|Any CPU.Build.0 = Release|Any CPU
	EndGlobalSection
	GlobalSection(SolutionProperties) = preSolution
		HideSolutionNode = FALSE
	EndGlobalSection
	GlobalSection(ExtensibilityGlobals) = postSolution
		SolutionGuid = {AA371623-F7BA-4027-AD6C-16554E02C34A}
	EndGlobalSection
EndGlobal
